// !$*UTF8*$!
{
	archiveVersion = 1;
	classes = {
	};
	objectVersion = 56;
	objects = {

/* Begin PBXBuildFile section */
		8AE8C10D2C51734E00F448BB /* CustomComponents.docc in Sources */ = {isa = PBXBuildFile; fileRef = 8AE8C10C2C51734E00F448BB /* CustomComponents.docc */; };
		8AE8C1132C51734F00F448BB /* CustomComponents.framework in Frameworks */ = {isa = PBXBuildFile; fileRef = 8AE8C1082C51734E00F448BB /* CustomComponents.framework */; };
		8AE8C1182C51734F00F448BB /* CustomComponentsTests.swift in Sources */ = {isa = PBXBuildFile; fileRef = 8AE8C1172C51734F00F448BB /* CustomComponentsTests.swift */; };
		8AE8C1192C51734F00F448BB /* CustomComponents.h in Headers */ = {isa = PBXBuildFile; fileRef = 8AE8C10B2C51734E00F448BB /* CustomComponents.h */; settings = {ATTRIBUTES = (Public, ); }; };
		8AE8C12C2C51737C00F448BB /* CustomAppleDecimalTextField.swift in Sources */ = {isa = PBXBuildFile; fileRef = 8AE8C12B2C51737C00F448BB /* CustomAppleDecimalTextField.swift */; };
/* End PBXBuildFile section */

/* Begin PBXContainerItemProxy section */
		8AE8C1142C51734F00F448BB /* PBXContainerItemProxy */ = {
			isa = PBXContainerItemProxy;
			containerPortal = 8AE8C0FF2C51734E00F448BB /* Project object */;
			proxyType = 1;
			remoteGlobalIDString = 8AE8C1072C51734E00F448BB;
			remoteInfo = CustomComponents;
		};
/* End PBXContainerItemProxy section */

/* Begin PBXFileReference section */
		8AE8C1082C51734E00F448BB /* CustomComponents.framework */ = {isa = PBXFileReference; explicitFileType = wrapper.framework; includeInIndex = 0; path = CustomComponents.framework; sourceTree = BUILT_PRODUCTS_DIR; };
		8AE8C10B2C51734E00F448BB /* CustomComponents.h */ = {isa = PBXFileReference; lastKnownFileType = sourcecode.c.h; path = CustomComponents.h; sourceTree = "<group>"; };
		8AE8C10C2C51734E00F448BB /* CustomComponents.docc */ = {isa = PBXFileReference; lastKnownFileType = folder.documentationcatalog; path = CustomComponents.docc; sourceTree = "<group>"; };
		8AE8C1122C51734F00F448BB /* CustomComponentsTests.xctest */ = {isa = PBXFileReference; explicitFileType = wrapper.cfbundle; includeInIndex = 0; path = CustomComponentsTests.xctest; sourceTree = BUILT_PRODUCTS_DIR; };
		8AE8C1172C51734F00F448BB /* CustomComponentsTests.swift */ = {isa = PBXFileReference; lastKnownFileType = sourcecode.swift; path = CustomComponentsTests.swift; sourceTree = "<group>"; };
		8AE8C12B2C51737C00F448BB /* CustomAppleDecimalTextField.swift */ = {isa = PBXFileReference; fileEncoding = 4; lastKnownFileType = sourcecode.swift; path = CustomAppleDecimalTextField.swift; sourceTree = "<group>"; };
/* End PBXFileReference section */

/* Begin PBXFrameworksBuildPhase section */
		8AE8C1052C51734E00F448BB /* Frameworks */ = {
			isa = PBXFrameworksBuildPhase;
			buildActionMask = 2147483647;
			files = (
			);
			runOnlyForDeploymentPostprocessing = 0;
		};
		8AE8C10F2C51734F00F448BB /* Frameworks */ = {
			isa = PBXFrameworksBuildPhase;
			buildActionMask = 2147483647;
			files = (
				8AE8C1132C51734F00F448BB /* CustomComponents.framework in Frameworks */,
			);
			runOnlyForDeploymentPostprocessing = 0;
		};
/* End PBXFrameworksBuildPhase section */

/* Begin PBXGroup section */
		8AE8C0FE2C51734E00F448BB = {
			isa = PBXGroup;
			children = (
				8AE8C12B2C51737C00F448BB /* CustomAppleDecimalTextField.swift */,
				8AE8C10A2C51734E00F448BB /* CustomComponents */,
				8AE8C1162C51734F00F448BB /* CustomComponentsTests */,
				8AE8C1092C51734E00F448BB /* Products */,
			);
			sourceTree = "<group>";
		};
		8AE8C1092C51734E00F448BB /* Products */ = {
			isa = PBXGroup;
			children = (
				8AE8C1082C51734E00F448BB /* CustomComponents.framework */,
				8AE8C1122C51734F00F448BB /* CustomComponentsTests.xctest */,
			);
			name = Products;
			sourceTree = "<group>";
		};
		8AE8C10A2C51734E00F448BB /* CustomComponents */ = {
			isa = PBXGroup;
			children = (
				8AE8C10B2C51734E00F448BB /* CustomComponents.h */,
				8AE8C10C2C51734E00F448BB /* CustomComponents.docc */,
			);
			path = CustomComponents;
			sourceTree = "<group>";
		};
		8AE8C1162C51734F00F448BB /* CustomComponentsTests */ = {
			isa = PBXGroup;
			children = (
				8AE8C1172C51734F00F448BB /* CustomComponentsTests.swift */,
			);
			path = CustomComponentsTests;
			sourceTree = "<group>";
		};
/* End PBXGroup section */

/* Begin PBXHeadersBuildPhase section */
		8AE8C1032C51734E00F448BB /* Headers */ = {
			isa = PBXHeadersBuildPhase;
			buildActionMask = 2147483647;
			files = (
				8AE8C1192C51734F00F448BB /* CustomComponents.h in Headers */,
			);
			runOnlyForDeploymentPostprocessing = 0;
		};
/* End PBXHeadersBuildPhase section */

/* Begin PBXNativeTarget section */
		8AE8C1072C51734E00F448BB /* CustomComponents */ = {
			isa = PBXNativeTarget;
			buildConfigurationList = 8AE8C11C2C51734F00F448BB /* Build configuration list for PBXNativeTarget "CustomComponents" */;
			buildPhases = (
				8AE8C1032C51734E00F448BB /* Headers */,
				8AE8C1042C51734E00F448BB /* Sources */,
				8AE8C1052C51734E00F448BB /* Frameworks */,
				8AE8C1062C51734E00F448BB /* Resources */,
			);
			buildRules = (
			);
			dependencies = (
			);
			name = CustomComponents;
			productName = CustomComponents;
			productReference = 8AE8C1082C51734E00F448BB /* CustomComponents.framework */;
			productType = "com.apple.product-type.framework";
		};
		8AE8C1112C51734F00F448BB /* CustomComponentsTests */ = {
			isa = PBXNativeTarget;
			buildConfigurationList = 8AE8C11F2C51734F00F448BB /* Build configuration list for PBXNativeTarget "CustomComponentsTests" */;
			buildPhases = (
				8AE8C10E2C51734F00F448BB /* Sources */,
				8AE8C10F2C51734F00F448BB /* Frameworks */,
				8AE8C1102C51734F00F448BB /* Resources */,
			);
			buildRules = (
			);
			dependencies = (
				8AE8C1152C51734F00F448BB /* PBXTargetDependency */,
			);
			name = CustomComponentsTests;
			productName = CustomComponentsTests;
			productReference = 8AE8C1122C51734F00F448BB /* CustomComponentsTests.xctest */;
			productType = "com.apple.product-type.bundle.unit-test";
		};
/* End PBXNativeTarget section */

/* Begin PBXProject section */
		8AE8C0FF2C51734E00F448BB /* Project object */ = {
			isa = PBXProject;
			attributes = {
				BuildIndependentTargetsInParallel = 1;
				LastSwiftUpdateCheck = 1540;
				LastUpgradeCheck = 1540;
				TargetAttributes = {
					8AE8C1072C51734E00F448BB = {
						CreatedOnToolsVersion = 15.4;
					};
					8AE8C1112C51734F00F448BB = {
						CreatedOnToolsVersion = 15.4;
					};
				};
			};
			buildConfigurationList = 8AE8C1022C51734E00F448BB /* Build configuration list for PBXProject "CustomComponents" */;
			compatibilityVersion = "Xcode 14.0";
			developmentRegion = en;
			hasScannedForEncodings = 0;
			knownRegions = (
				en,
				Base,
			);
			mainGroup = 8AE8C0FE2C51734E00F448BB;
			productRefGroup = 8AE8C1092C51734E00F448BB /* Products */;
			projectDirPath = "";
			projectRoot = "";
			targets = (
				8AE8C1072C51734E00F448BB /* CustomComponents */,
				8AE8C1112C51734F00F448BB /* CustomComponentsTests */,
			);
		};
/* End PBXProject section */

/* Begin PBXResourcesBuildPhase section */
		8AE8C1062C51734E00F448BB /* Resources */ = {
			isa = PBXResourcesBuildPhase;
			buildActionMask = 2147483647;
			files = (
			);
			runOnlyForDeploymentPostprocessing = 0;
		};
		8AE8C1102C51734F00F448BB /* Resources */ = {
			isa = PBXResourcesBuildPhase;
			buildActionMask = 2147483647;
			files = (
			);
			runOnlyForDeploymentPostprocessing = 0;
		};
/* End PBXResourcesBuildPhase section */

/* Begin PBXSourcesBuildPhase section */
		8AE8C1042C51734E00F448BB /* Sources */ = {
			isa = PBXSourcesBuildPhase;
			buildActionMask = 2147483647;
			files = (
				8AE8C10D2C51734E00F448BB /* CustomComponents.docc in Sources */,
				8AE8C12C2C51737C00F448BB /* CustomAppleDecimalTextField.swift in Sources */,
			);
			runOnlyForDeploymentPostprocessing = 0;
		};
		8AE8C10E2C51734F00F448BB /* Sources */ = {
			isa = PBXSourcesBuildPhase;
			buildActionMask = 2147483647;
			files = (
				8AE8C1182C51734F00F448BB /* CustomComponentsTests.swift in Sources */,
			);
			runOnlyForDeploymentPostprocessing = 0;
		};
/* End PBXSourcesBuildPhase section */

/* Begin PBXTargetDependency section */
		8AE8C1152C51734F00F448BB /* PBXTargetDependency */ = {
			isa = PBXTargetDependency;
			target = 8AE8C1072C51734E00F448BB /* CustomComponents */;
			targetProxy = 8AE8C1142C51734F00F448BB /* PBXContainerItemProxy */;
		};
/* End PBXTargetDependency section */

/* Begin XCBuildConfiguration section */
		8AE8C11A2C51734F00F448BB /* Debug */ = {
			isa = XCBuildConfiguration;
			buildSettings = {
				ALWAYS_SEARCH_USER_PATHS = NO;
				ASSETCATALOG_COMPILER_GENERATE_SWIFT_ASSET_SYMBOL_EXTENSIONS = YES;
				CLANG_ANALYZER_NONNULL = YES;
				CLANG_ANALYZER_NUMBER_OBJECT_CONVERSION = YES_AGGRESSIVE;
				CLANG_CXX_LANGUAGE_STANDARD = "gnu++20";
				CLANG_ENABLE_MODULES = YES;
				CLANG_ENABLE_OBJC_ARC = YES;
				CLANG_ENABLE_OBJC_WEAK = YES;
				CLANG_WARN_BLOCK_CAPTURE_AUTORELEASING = YES;
				CLANG_WARN_BOOL_CONVERSION = YES;
				CLANG_WARN_COMMA = YES;
				CLANG_WARN_CONSTANT_CONVERSION = YES;
				CLANG_WARN_DEPRECATED_OBJC_IMPLEMENTATIONS = YES;
				CLANG_WARN_DIRECT_OBJC_ISA_USAGE = YES_ERROR;
				CLANG_WARN_DOCUMENTATION_COMMENTS = YES;
				CLANG_WARN_EMPTY_BODY = YES;
				CLANG_WARN_ENUM_CONVERSION = YES;
				CLANG_WARN_INFINITE_RECURSION = YES;
				CLANG_WARN_INT_CONVERSION = YES;
				CLANG_WARN_NON_LITERAL_NULL_CONVERSION = YES;
				CLANG_WARN_OBJC_IMPLICIT_RETAIN_SELF = YES;
				CLANG_WARN_OBJC_LITERAL_CONVERSION = YES;
				CLANG_WARN_OBJC_ROOT_CLASS = YES_ERROR;
				CLANG_WARN_QUOTED_INCLUDE_IN_FRAMEWORK_HEADER = YES;
				CLANG_WARN_RANGE_LOOP_ANALYSIS = YES;
				CLANG_WARN_STRICT_PROTOTYPES = YES;
				CLANG_WARN_SUSPICIOUS_MOVE = YES;
				CLANG_WARN_UNGUARDED_AVAILABILITY = YES_AGGRESSIVE;
				CLANG_WARN_UNREACHABLE_CODE = YES;
				CLANG_WARN__DUPLICATE_METHOD_MATCH = YES;
				COPY_PHASE_STRIP = NO;
				CURRENT_PROJECT_VERSION = 1;
				DEBUG_INFORMATION_FORMAT = dwarf;
				ENABLE_STRICT_OBJC_MSGSEND = YES;
				ENABLE_TESTABILITY = YES;
				ENABLE_USER_SCRIPT_SANDBOXING = YES;
				GCC_C_LANGUAGE_STANDARD = gnu17;
				GCC_DYNAMIC_NO_PIC = NO;
				GCC_NO_COMMON_BLOCKS = YES;
				GCC_OPTIMIZATION_LEVEL = 0;
				GCC_PREPROCESSOR_DEFINITIONS = (
					"DEBUG=1",
					"$(inherited)",
				);
				GCC_WARN_64_TO_32_BIT_CONVERSION = YES;
				GCC_WARN_ABOUT_RETURN_TYPE = YES_ERROR;
				GCC_WARN_UNDECLARED_SELECTOR = YES;
				GCC_WARN_UNINITIALIZED_AUTOS = YES_AGGRESSIVE;
				GCC_WARN_UNUSED_FUNCTION = YES;
				GCC_WARN_UNUSED_VARIABLE = YES;
				IPHONEOS_DEPLOYMENT_TARGET = 17.5;
				LOCALIZATION_PREFERS_STRING_CATALOGS = YES;
				MTL_ENABLE_DEBUG_INFO = INCLUDE_SOURCE;
				MTL_FAST_MATH = YES;
				ONLY_ACTIVE_ARCH = YES;
				SDKROOT = iphoneos;
				SWIFT_ACTIVE_COMPILATION_CONDITIONS = "DEBUG $(inherited)";
				SWIFT_OPTIMIZATION_LEVEL = "-Onone";
				VERSIONING_SYSTEM = "apple-generic";
				VERSION_INFO_PREFIX = "";
			};
			name = Debug;
		};
		8AE8C11B2C51734F00F448BB /* Release */ = {
			isa = XCBuildConfiguration;
			buildSettings = {
				ALWAYS_SEARCH_USER_PATHS = NO;
				ASSETCATALOG_COMPILER_GENERATE_SWIFT_ASSET_SYMBOL_EXTENSIONS = YES;
				CLANG_ANALYZER_NONNULL = YES;
				CLANG_ANALYZER_NUMBER_OBJECT_CONVERSION = YES_AGGRESSIVE;
				CLANG_CXX_LANGUAGE_STANDARD = "gnu++20";
				CLANG_ENABLE_MODULES = YES;
				CLANG_ENABLE_OBJC_ARC = YES;
				CLANG_ENABLE_OBJC_WEAK = YES;
				CLANG_WARN_BLOCK_CAPTURE_AUTORELEASING = YES;
				CLANG_WARN_BOOL_CONVERSION = YES;
				CLANG_WARN_COMMA = YES;
				CLANG_WARN_CONSTANT_CONVERSION = YES;
				CLANG_WARN_DEPRECATED_OBJC_IMPLEMENTATIONS = YES;
				CLANG_WARN_DIRECT_OBJC_ISA_USAGE = YES_ERROR;
				CLANG_WARN_DOCUMENTATION_COMMENTS = YES;
				CLANG_WARN_EMPTY_BODY = YES;
				CLANG_WARN_ENUM_CONVERSION = YES;
				CLANG_WARN_INFINITE_RECURSION = YES;
				CLANG_WARN_INT_CONVERSION = YES;
				CLANG_WARN_NON_LITERAL_NULL_CONVERSION = YES;
				CLANG_WARN_OBJC_IMPLICIT_RETAIN_SELF = YES;
				CLANG_WARN_OBJC_LITERAL_CONVERSION = YES;
				CLANG_WARN_OBJC_ROOT_CLASS = YES_ERROR;
				CLANG_WARN_QUOTED_INCLUDE_IN_FRAMEWORK_HEADER = YES;
				CLANG_WARN_RANGE_LOOP_ANALYSIS = YES;
				CLANG_WARN_STRICT_PROTOTYPES = YES;
				CLANG_WARN_SUSPICIOUS_MOVE = YES;
				CLANG_WARN_UNGUARDED_AVAILABILITY = YES_AGGRESSIVE;
				CLANG_WARN_UNREACHABLE_CODE = YES;
				CLANG_WARN__DUPLICATE_METHOD_MATCH = YES;
				COPY_PHASE_STRIP = NO;
				CURRENT_PROJECT_VERSION = 1;
				DEBUG_INFORMATION_FORMAT = "dwarf-with-dsym";
				ENABLE_NS_ASSERTIONS = NO;
				ENABLE_STRICT_OBJC_MSGSEND = YES;
				ENABLE_USER_SCRIPT_SANDBOXING = YES;
				GCC_C_LANGUAGE_STANDARD = gnu17;
				GCC_NO_COMMON_BLOCKS = YES;
				GCC_WARN_64_TO_32_BIT_CONVERSION = YES;
				GCC_WARN_ABOUT_RETURN_TYPE = YES_ERROR;
				GCC_WARN_UNDECLARED_SELECTOR = YES;
				GCC_WARN_UNINITIALIZED_AUTOS = YES_AGGRESSIVE;
				GCC_WARN_UNUSED_FUNCTION = YES;
				GCC_WARN_UNUSED_VARIABLE = YES;
				IPHONEOS_DEPLOYMENT_TARGET = 17.5;
				LOCALIZATION_PREFERS_STRING_CATALOGS = YES;
				MTL_ENABLE_DEBUG_INFO = NO;
				MTL_FAST_MATH = YES;
				SDKROOT = iphoneos;
				SWIFT_COMPILATION_MODE = wholemodule;
				VALIDATE_PRODUCT = YES;
				VERSIONING_SYSTEM = "apple-generic";
				VERSION_INFO_PREFIX = "";
			};
			name = Release;
		};
		8AE8C11D2C51734F00F448BB /* Debug */ = {
			isa = XCBuildConfiguration;
			buildSettings = {
				BUILD_LIBRARY_FOR_DISTRIBUTION = YES;
				CODE_SIGN_STYLE = Automatic;
				CURRENT_PROJECT_VERSION = 1;
				DEFINES_MODULE = YES;
				DEVELOPMENT_TEAM = 59VPT4KMHW;
				DYLIB_COMPATIBILITY_VERSION = 1;
				DYLIB_CURRENT_VERSION = 1;
				DYLIB_INSTALL_NAME_BASE = "@rpath";
				ENABLE_MODULE_VERIFIER = YES;
				GENERATE_INFOPLIST_FILE = YES;
				INFOPLIST_KEY_NSHumanReadableCopyright = "";
				INSTALL_PATH = "$(LOCAL_LIBRARY_DIR)/Frameworks";
				LD_RUNPATH_SEARCH_PATHS = (
					"$(inherited)",
					"@executable_path/Frameworks",
					"@loader_path/Frameworks",
				);
				MARKETING_VERSION = 1.0;
				MODULE_VERIFIER_SUPPORTED_LANGUAGES = "objective-c objective-c++";
				MODULE_VERIFIER_SUPPORTED_LANGUAGE_STANDARDS = "gnu17 gnu++20";
				PRODUCT_BUNDLE_IDENTIFIER = com.dcengineer.CustomComponents;
				PRODUCT_NAME = "$(TARGET_NAME:c99extidentifier)";
				SKIP_INSTALL = YES;
				SWIFT_EMIT_LOC_STRINGS = YES;
				SWIFT_INSTALL_OBJC_HEADER = NO;
				SWIFT_VERSION = 5.0;
				TARGETED_DEVICE_FAMILY = "1,2";
			};
			name = Debug;
		};
		8AE8C11E2C51734F00F448BB /* Release */ = {
			isa = XCBuildConfiguration;
			buildSettings = {
				BUILD_LIBRARY_FOR_DISTRIBUTION = YES;
				CODE_SIGN_STYLE = Automatic;
				CURRENT_PROJECT_VERSION = 1;
				DEFINES_MODULE = YES;
				DEVELOPMENT_TEAM = 59VPT4KMHW;
				DYLIB_COMPATIBILITY_VERSION = 1;
				DYLIB_CURRENT_VERSION = 1;
				DYLIB_INSTALL_NAME_BASE = "@rpath";
				ENABLE_MODULE_VERIFIER = YES;
				GENERATE_INFOPLIST_FILE = YES;
				INFOPLIST_KEY_NSHumanReadableCopyright = "";
				INSTALL_PATH = "$(LOCAL_LIBRARY_DIR)/Frameworks";
				LD_RUNPATH_SEARCH_PATHS = (
					"$(inherited)",
					"@executable_path/Frameworks",
					"@loader_path/Frameworks",
				);
				MARKETING_VERSION = 1.0;
				MODULE_VERIFIER_SUPPORTED_LANGUAGES = "objective-c objective-c++";
				MODULE_VERIFIER_SUPPORTED_LANGUAGE_STANDARDS = "gnu17 gnu++20";
				PRODUCT_BUNDLE_IDENTIFIER = com.dcengineer.CustomComponents;
				PRODUCT_NAME = "$(TARGET_NAME:c99extidentifier)";
				SKIP_INSTALL = YES;
				SWIFT_EMIT_LOC_STRINGS = YES;
				SWIFT_INSTALL_OBJC_HEADER = NO;
				SWIFT_VERSION = 5.0;
				TARGETED_DEVICE_FAMILY = "1,2";
			};
			name = Release;
		};
		8AE8C1202C51734F00F448BB /* Debug */ = {
			isa = XCBuildConfiguration;
			buildSettings = {
				ALWAYS_EMBED_SWIFT_STANDARD_LIBRARIES = YES;
				CODE_SIGN_STYLE = Automatic;
				CURRENT_PROJECT_VERSION = 1;
				DEVELOPMENT_TEAM = 59VPT4KMHW;
				GENERATE_INFOPLIST_FILE = YES;
				MARKETING_VERSION = 1.0;
				PRODUCT_BUNDLE_IDENTIFIER = com.dcengineer.CustomComponentsTests;
				PRODUCT_NAME = "$(TARGET_NAME)";
				SWIFT_EMIT_LOC_STRINGS = NO;
				SWIFT_VERSION = 5.0;
				TARGETED_DEVICE_FAMILY = "1,2";
			};
			name = Debug;
		};
		8AE8C1212C51734F00F448BB /* Release */ = {
			isa = XCBuildConfiguration;
			buildSettings = {
				ALWAYS_EMBED_SWIFT_STANDARD_LIBRARIES = YES;
				CODE_SIGN_STYLE = Automatic;
				CURRENT_PROJECT_VERSION = 1;
				DEVELOPMENT_TEAM = 59VPT4KMHW;
				GENERATE_INFOPLIST_FILE = YES;
				MARKETING_VERSION = 1.0;
				PRODUCT_BUNDLE_IDENTIFIER = com.dcengineer.CustomComponentsTests;
				PRODUCT_NAME = "$(TARGET_NAME)";
				SWIFT_EMIT_LOC_STRINGS = NO;
				SWIFT_VERSION = 5.0;
				TARGETED_DEVICE_FAMILY = "1,2";
			};
			name = Release;
		};
/* End XCBuildConfiguration section */

/* Begin XCConfigurationList section */
		8AE8C1022C51734E00F448BB /* Build configuration list for PBXProject "CustomComponents" */ = {
			isa = XCConfigurationList;
			buildConfigurations = (
				8AE8C11A2C51734F00F448BB /* Debug */,
				8AE8C11B2C51734F00F448BB /* Release */,
			);
			defaultConfigurationIsVisible = 0;
			defaultConfigurationName = Release;
		};
		8AE8C11C2C51734F00F448BB /* Build configuration list for PBXNativeTarget "CustomComponents" */ = {
			isa = XCConfigurationList;
			buildConfigurations = (
				8AE8C11D2C51734F00F448BB /* Debug */,
				8AE8C11E2C51734F00F448BB /* Release */,
			);
			defaultConfigurationIsVisible = 0;
			defaultConfigurationName = Release;
		};
		8AE8C11F2C51734F00F448BB /* Build configuration list for PBXNativeTarget "CustomComponentsTests" */ = {
			isa = XCConfigurationList;
			buildConfigurations = (
				8AE8C1202C51734F00F448BB /* Debug */,
				8AE8C1212C51734F00F448BB /* Release */,
			);
			defaultConfigurationIsVisible = 0;
			defaultConfigurationName = Release;
		};
/* End XCConfigurationList section */
	};
	rootObject = 8AE8C0FF2C51734E00F448BB /* Project object */;
}
